{
  "name": "webpack-starter-template",
  "version": "1.0.0",
  "lockfileVersion": 1,
  "requires": true,
  "dependencies": {
    "@gsap/business": {
      "version": "3.7.0",
      "resolved": "https://npm.greensock.com/@gsap%2fbusiness/-/business-3.7.0.tgz",
      "integrity": "sha512-bpKrxldFaUTGuuqZWwQbCUHhYMTwZN5x36Tvz1OsAUvcsqbuhwWgKGx6tFGzftxo3J4nZHSTaVb1WYzbq7ipcw=="
    },
    "gsap": {
      "version": "npm:@gsap/business@3.7.0",
      "resolved": "https://npm.greensock.com/@gsap%2fbusiness/-/business-3.7.0.tgz",
      "integrity": "sha512-bpKrxldFaUTGuuqZWwQbCUHhYMTwZN5x36Tvz1OsAUvcsqbuhwWgKGx6tFGzftxo3J4nZHSTaVb1WYzbq7ipcw=="
    }
  }
}
